
Microsoft Visual Studio Solution File, Format Version 12.00
# Visual Studio Version 17
VisualStudioVersion = 17.14.36401.2 d17.14
MinimumVisualStudioVersion = 10.0.40219.1
Project("{A07B5EB6-E848-4116-A8D0-A826331D98C6}") = "bookmyshow-sf", "bookmyshow-sf\bookmyshow-sf.sfproj", "{D255E35A-09C3-4A72-9008-5E8D6C37EB7B}"
EndProject
Project("{FAE04EC0-301F-11D3-BF4B-00C04F79EFBC}") = "UserService", "UserService\UserService.csproj", "{99992E0A-8522-4339-A33B-90ECD0EE91F5}"
EndProject
Global
	GlobalSection(SolutionConfigurationPlatforms) = preSolution
		Debug|Any CPU = Debug|Any CPU
		Debug|x64 = Debug|x64
		Release|Any CPU = Release|Any CPU
		Release|x64 = Release|x64
	EndGlobalSection
	GlobalSection(ProjectConfigurationPlatforms) = postSolution
		{D255E35A-09C3-4A72-9008-5E8D6C37EB7B}.Debug|Any CPU.ActiveCfg = Debug|x64
		{D255E35A-09C3-4A72-9008-5E8D6C37EB7B}.Debug|Any CPU.Build.0 = Debug|x64
		{D255E35A-09C3-4A72-9008-5E8D6C37EB7B}.Debug|Any CPU.Deploy.0 = Debug|x64
		{D255E35A-09C3-4A72-9008-5E8D6C37EB7B}.Debug|x64.ActiveCfg = Debug|x64
		{D255E35A-09C3-4A72-9008-5E8D6C37EB7B}.Debug|x64.Build.0 = Debug|x64
		{D255E35A-09C3-4A72-9008-5E8D6C37EB7B}.Debug|x64.Deploy.0 = Debug|x64
		{D255E35A-09C3-4A72-9008-5E8D6C37EB7B}.Release|Any CPU.ActiveCfg = Release|x64
		{D255E35A-09C3-4A72-9008-5E8D6C37EB7B}.Release|Any CPU.Build.0 = Release|x64
		{D255E35A-09C3-4A72-9008-5E8D6C37EB7B}.Release|Any CPU.Deploy.0 = Release|x64
		{D255E35A-09C3-4A72-9008-5E8D6C37EB7B}.Release|x64.ActiveCfg = Release|x64
		{D255E35A-09C3-4A72-9008-5E8D6C37EB7B}.Release|x64.Build.0 = Release|x64
		{D255E35A-09C3-4A72-9008-5E8D6C37EB7B}.Release|x64.Deploy.0 = Release|x64
		{99992E0A-8522-4339-A33B-90ECD0EE91F5}.Debug|Any CPU.ActiveCfg = Debug|Any CPU
		{99992E0A-8522-4339-A33B-90ECD0EE91F5}.Debug|Any CPU.Build.0 = Debug|Any CPU
		{99992E0A-8522-4339-A33B-90ECD0EE91F5}.Debug|x64.ActiveCfg = Debug|Any CPU
		{99992E0A-8522-4339-A33B-90ECD0EE91F5}.Debug|x64.Build.0 = Debug|Any CPU
		{99992E0A-8522-4339-A33B-90ECD0EE91F5}.Release|Any CPU.ActiveCfg = Release|Any CPU
		{99992E0A-8522-4339-A33B-90ECD0EE91F5}.Release|Any CPU.Build.0 = Release|Any CPU
		{99992E0A-8522-4339-A33B-90ECD0EE91F5}.Release|x64.ActiveCfg = Release|Any CPU
		{99992E0A-8522-4339-A33B-90ECD0EE91F5}.Release|x64.Build.0 = Release|Any CPU
	EndGlobalSection
	GlobalSection(SolutionProperties) = preSolution
		HideSolutionNode = FALSE
	EndGlobalSection
	GlobalSection(ExtensibilityGlobals) = postSolution
		SolutionGuid = {F9EF9FD4-C4EB-4DD6-97BF-A349DF54D787}
	EndGlobalSection
EndGlobal
